
Microsoft Visual Studio Solution File, Format Version 12.00
# Visual Studio Version 17
VisualStudioVersion = 17.14.36401.2 d17.14
MinimumVisualStudioVersion = 10.0.40219.1
Project("{FAE04EC0-301F-11D3-BF4B-00C04F79EFBC}") = "CMCS_POE", "CMCS_POE\CMCS_POE.csproj", "{F1753E69-2C61-40EB-BD1C-67A5751AB4E4}"
EndProject
Global
	GlobalSection(SolutionConfigurationPlatforms) = preSolution
		Debug|Any CPU = Debug|Any CPU
		Release|Any CPU = Release|Any CPU
	EndGlobalSection
	GlobalSection(ProjectConfigurationPlatforms) = postSolution
		{F1753E69-2C61-40EB-BD1C-67A5751AB4E4}.Debug|Any CPU.ActiveCfg = Debug|Any CPU
		{F1753E69-2C61-40EB-BD1C-67A5751AB4E4}.Debug|Any CPU.Build.0 = Debug|Any CPU
		{F1753E69-2C61-40EB-BD1C-67A5751AB4E4}.Release|Any CPU.ActiveCfg = Release|Any CPU
		{F1753E69-2C61-40EB-BD1C-67A5751AB4E4}.Release|Any CPU.Build.0 = Release|Any CPU
	EndGlobalSection
	GlobalSection(SolutionProperties) = preSolution
		HideSolutionNode = FALSE
	EndGlobalSection
	GlobalSection(ExtensibilityGlobals) = postSolution
		SolutionGuid = {ACE0D7A4-3FD0-40E8-AD55-E1D832254390}
	EndGlobalSection
EndGlobal
